// !$*UTF8*$!
{
	archiveVersion = 1;
	classes = {
	};
	objectVersion = 46;
	objects = {

/* Begin PBXBuildFile section */
		1A32246D01433C15CB4EF25F /* Pods_DeveloperChallenge.framework in Frameworks */ = {isa = PBXBuildFile; fileRef = 05A2D0F605DE3FC8A5671C1C /* Pods_DeveloperChallenge.framework */; };
		1E7A963A26CCEB8600F92941 /* ArticlesViewController.storyboard in Resources */ = {isa = PBXBuildFile; fileRef = 1E7A963926CCEB8600F92941 /* ArticlesViewController.storyboard */; };
		1E7A964326CCF14100F92941 /* ArticlesViewModel.swift in Sources */ = {isa = PBXBuildFile; fileRef = 1E7A964226CCF14100F92941 /* ArticlesViewModel.swift */; };
		1E7A964526CCF30A00F92941 /* AppDelegate+CoreData.swift in Sources */ = {isa = PBXBuildFile; fileRef = 1E7A964426CCF30A00F92941 /* AppDelegate+CoreData.swift */; };
		1E7A964826CCF68E00F92941 /* UITableView+Extension.swift in Sources */ = {isa = PBXBuildFile; fileRef = 1E7A964726CCF68E00F92941 /* UITableView+Extension.swift */; };
		1E7A964B26CCF6B100F92941 /* ClassName.swift in Sources */ = {isa = PBXBuildFile; fileRef = 1E7A964A26CCF6B100F92941 /* ClassName.swift */; };
		1E7A965426CCF77F00F92941 /* ArticlesTableViewCell.swift in Sources */ = {isa = PBXBuildFile; fileRef = 1E7A965226CCF77F00F92941 /* ArticlesTableViewCell.swift */; };
		1E7A965526CCF77F00F92941 /* ArticlesTableViewCell.xib in Resources */ = {isa = PBXBuildFile; fileRef = 1E7A965326CCF77F00F92941 /* ArticlesTableViewCell.xib */; };
		31CB4AC2E2914F020205CEB3 /* Pods_DeveloperChallengeTests.framework in Frameworks */ = {isa = PBXBuildFile; fileRef = 6DD0BDBC76F1EE57E8886E10 /* Pods_DeveloperChallengeTests.framework */; };
		F9598A041EB705D300B17BEF /* AppDelegate.swift in Sources */ = {isa = PBXBuildFile; fileRef = F9598A031EB705D300B17BEF /* AppDelegate.swift */; };
		F9598A061EB705D300B17BEF /* ArticlesViewController.swift in Sources */ = {isa = PBXBuildFile; fileRef = F9598A051EB705D300B17BEF /* ArticlesViewController.swift */; };
		F9598A0C1EB705D300B17BEF /* DeveloperChallenge.xcdatamodeld in Sources */ = {isa = PBXBuildFile; fileRef = F9598A0A1EB705D300B17BEF /* DeveloperChallenge.xcdatamodeld */; };
		F9598A0E1EB705D300B17BEF /* Assets.xcassets in Resources */ = {isa = PBXBuildFile; fileRef = F9598A0D1EB705D300B17BEF /* Assets.xcassets */; };
		F9598A1C1EB705D400B17BEF /* DeveloperChallengeTests.swift in Sources */ = {isa = PBXBuildFile; fileRef = F9598A1B1EB705D400B17BEF /* DeveloperChallengeTests.swift */; };
/* End PBXBuildFile section */

/* Begin PBXContainerItemProxy section */
		F9598A181EB705D300B17BEF /* PBXContainerItemProxy */ = {
			isa = PBXContainerItemProxy;
			containerPortal = F95989F81EB705D300B17BEF /* Project object */;
			proxyType = 1;
			remoteGlobalIDString = F95989FF1EB705D300B17BEF;
			remoteInfo = DeveloperChallenge;
		};
/* End PBXContainerItemProxy section */

/* Begin PBXFileReference section */
		03EED31F141855B3445F883E /* Pods-DeveloperChallenge.release.xcconfig */ = {isa = PBXFileReference; includeInIndex = 1; lastKnownFileType = text.xcconfig; name = "Pods-DeveloperChallenge.release.xcconfig"; path = "Pods/Target Support Files/Pods-DeveloperChallenge/Pods-DeveloperChallenge.release.xcconfig"; sourceTree = "<group>"; };
		05A2D0F605DE3FC8A5671C1C /* Pods_DeveloperChallenge.framework */ = {isa = PBXFileReference; explicitFileType = wrapper.framework; includeInIndex = 0; path = Pods_DeveloperChallenge.framework; sourceTree = BUILT_PRODUCTS_DIR; };
		1E7A963926CCEB8600F92941 /* ArticlesViewController.storyboard */ = {isa = PBXFileReference; lastKnownFileType = file.storyboard; path = ArticlesViewController.storyboard; sourceTree = "<group>"; };
		1E7A964226CCF14100F92941 /* ArticlesViewModel.swift */ = {isa = PBXFileReference; lastKnownFileType = sourcecode.swift; path = ArticlesViewModel.swift; sourceTree = "<group>"; };
		1E7A964426CCF30A00F92941 /* AppDelegate+CoreData.swift */ = {isa = PBXFileReference; lastKnownFileType = sourcecode.swift; path = "AppDelegate+CoreData.swift"; sourceTree = "<group>"; };
		1E7A964726CCF68E00F92941 /* UITableView+Extension.swift */ = {isa = PBXFileReference; lastKnownFileType = sourcecode.swift; path = "UITableView+Extension.swift"; sourceTree = "<group>"; };
		1E7A964A26CCF6B100F92941 /* ClassName.swift */ = {isa = PBXFileReference; lastKnownFileType = sourcecode.swift; path = ClassName.swift; sourceTree = "<group>"; };
		1E7A965226CCF77F00F92941 /* ArticlesTableViewCell.swift */ = {isa = PBXFileReference; lastKnownFileType = sourcecode.swift; path = ArticlesTableViewCell.swift; sourceTree = "<group>"; };
		1E7A965326CCF77F00F92941 /* ArticlesTableViewCell.xib */ = {isa = PBXFileReference; lastKnownFileType = file.xib; path = ArticlesTableViewCell.xib; sourceTree = "<group>"; };
		6DD0BDBC76F1EE57E8886E10 /* Pods_DeveloperChallengeTests.framework */ = {isa = PBXFileReference; explicitFileType = wrapper.framework; includeInIndex = 0; path = Pods_DeveloperChallengeTests.framework; sourceTree = BUILT_PRODUCTS_DIR; };
		7BEDDC59098D299253CDCBCC /* Pods-DeveloperChallengeTests.release.xcconfig */ = {isa = PBXFileReference; includeInIndex = 1; lastKnownFileType = text.xcconfig; name = "Pods-DeveloperChallengeTests.release.xcconfig"; path = "Pods/Target Support Files/Pods-DeveloperChallengeTests/Pods-DeveloperChallengeTests.release.xcconfig"; sourceTree = "<group>"; };
		86CF84EA90409E9DCDA4CDA1 /* Pods-DeveloperChallengeTests.debug.xcconfig */ = {isa = PBXFileReference; includeInIndex = 1; lastKnownFileType = text.xcconfig; name = "Pods-DeveloperChallengeTests.debug.xcconfig"; path = "Pods/Target Support Files/Pods-DeveloperChallengeTests/Pods-DeveloperChallengeTests.debug.xcconfig"; sourceTree = "<group>"; };
		EAC86273F7628DD6C39B63D2 /* Pods-DeveloperChallenge.debug.xcconfig */ = {isa = PBXFileReference; includeInIndex = 1; lastKnownFileType = text.xcconfig; name = "Pods-DeveloperChallenge.debug.xcconfig"; path = "Pods/Target Support Files/Pods-DeveloperChallenge/Pods-DeveloperChallenge.debug.xcconfig"; sourceTree = "<group>"; };
		F9598A001EB705D300B17BEF /* DeveloperChallenge.app */ = {isa = PBXFileReference; explicitFileType = wrapper.application; includeInIndex = 0; path = DeveloperChallenge.app; sourceTree = BUILT_PRODUCTS_DIR; };
		F9598A031EB705D300B17BEF /* AppDelegate.swift */ = {isa = PBXFileReference; lastKnownFileType = sourcecode.swift; path = AppDelegate.swift; sourceTree = "<group>"; };
		F9598A051EB705D300B17BEF /* ArticlesViewController.swift */ = {isa = PBXFileReference; lastKnownFileType = sourcecode.swift; path = ArticlesViewController.swift; sourceTree = "<group>"; };
		F9598A0B1EB705D300B17BEF /* DeveloperChallenge.xcdatamodel */ = {isa = PBXFileReference; lastKnownFileType = wrapper.xcdatamodel; path = DeveloperChallenge.xcdatamodel; sourceTree = "<group>"; };
		F9598A0D1EB705D300B17BEF /* Assets.xcassets */ = {isa = PBXFileReference; lastKnownFileType = folder.assetcatalog; path = Assets.xcassets; sourceTree = "<group>"; };
		F9598A121EB705D300B17BEF /* Info.plist */ = {isa = PBXFileReference; lastKnownFileType = text.plist.xml; path = Info.plist; sourceTree = "<group>"; };
		F9598A171EB705D300B17BEF /* DeveloperChallengeTests.xctest */ = {isa = PBXFileReference; explicitFileType = wrapper.cfbundle; includeInIndex = 0; path = DeveloperChallengeTests.xctest; sourceTree = BUILT_PRODUCTS_DIR; };
		F9598A1B1EB705D400B17BEF /* DeveloperChallengeTests.swift */ = {isa = PBXFileReference; lastKnownFileType = sourcecode.swift; path = DeveloperChallengeTests.swift; sourceTree = "<group>"; };
		F9598A1D1EB705D400B17BEF /* Info.plist */ = {isa = PBXFileReference; lastKnownFileType = text.plist.xml; path = Info.plist; sourceTree = "<group>"; };
/* End PBXFileReference section */

/* Begin PBXFrameworksBuildPhase section */
		F95989FD1EB705D300B17BEF /* Frameworks */ = {
			isa = PBXFrameworksBuildPhase;
			buildActionMask = 2147483647;
			files = (
				1A32246D01433C15CB4EF25F /* Pods_DeveloperChallenge.framework in Frameworks */,
			);
			runOnlyForDeploymentPostprocessing = 0;
		};
		F9598A141EB705D300B17BEF /* Frameworks */ = {
			isa = PBXFrameworksBuildPhase;
			buildActionMask = 2147483647;
			files = (
				31CB4AC2E2914F020205CEB3 /* Pods_DeveloperChallengeTests.framework in Frameworks */,
			);
			runOnlyForDeploymentPostprocessing = 0;
		};
/* End PBXFrameworksBuildPhase section */

/* Begin PBXGroup section */
		1ACC309DE83677DEBDB3E023 /* Pods */ = {
			isa = PBXGroup;
			children = (
				EAC86273F7628DD6C39B63D2 /* Pods-DeveloperChallenge.debug.xcconfig */,
				03EED31F141855B3445F883E /* Pods-DeveloperChallenge.release.xcconfig */,
				86CF84EA90409E9DCDA4CDA1 /* Pods-DeveloperChallengeTests.debug.xcconfig */,
				7BEDDC59098D299253CDCBCC /* Pods-DeveloperChallengeTests.release.xcconfig */,
			);
			name = Pods;
			sourceTree = "<group>";
		};
		1E7A963B26CCEDA400F92941 /* Articles */ = {
			isa = PBXGroup;
			children = (
				F9598A051EB705D300B17BEF /* ArticlesViewController.swift */,
				1E7A963926CCEB8600F92941 /* ArticlesViewController.storyboard */,
				1E7A964226CCF14100F92941 /* ArticlesViewModel.swift */,
				1E7A965226CCF77F00F92941 /* ArticlesTableViewCell.swift */,
				1E7A965326CCF77F00F92941 /* ArticlesTableViewCell.xib */,
			);
			path = Articles;
			sourceTree = "<group>";
		};
		1E7A963C26CCEDAF00F92941 /* CoreData */ = {
			isa = PBXGroup;
			children = (
				F9598A0A1EB705D300B17BEF /* DeveloperChallenge.xcdatamodeld */,
			);
			path = CoreData;
			sourceTree = "<group>";
		};
		1E7A963D26CCEDBB00F92941 /* AppDelegate */ = {
			isa = PBXGroup;
			children = (
				F9598A031EB705D300B17BEF /* AppDelegate.swift */,
				1E7A964426CCF30A00F92941 /* AppDelegate+CoreData.swift */,
			);
			path = AppDelegate;
			sourceTree = "<group>";
		};
		1E7A963E26CCEDC800F92941 /* Resources */ = {
			isa = PBXGroup;
			children = (
				F9598A0D1EB705D300B17BEF /* Assets.xcassets */,
			);
			path = Resources;
			sourceTree = "<group>";
		};
		1E7A963F26CCEE0100F92941 /* Screens */ = {
			isa = PBXGroup;
			children = (
				1E7A963B26CCEDA400F92941 /* Articles */,
			);
			path = Screens;
			sourceTree = "<group>";
		};
		1E7A964026CCEEBA00F92941 /* SupportingFiles */ = {
			isa = PBXGroup;
			children = (
				F9598A121EB705D300B17BEF /* Info.plist */,
			);
			path = SupportingFiles;
			sourceTree = "<group>";
		};
		1E7A964626CCF68400F92941 /* Extensions */ = {
			isa = PBXGroup;
			children = (
				1E7A964726CCF68E00F92941 /* UITableView+Extension.swift */,
			);
			path = Extensions;
			sourceTree = "<group>";
		};
		1E7A964926CCF6AA00F92941 /* Protocols */ = {
			isa = PBXGroup;
			children = (
				1E7A964A26CCF6B100F92941 /* ClassName.swift */,
			);
			path = Protocols;
			sourceTree = "<group>";
		};
		D059343036B73EA2F8ADED87 /* Frameworks */ = {
			isa = PBXGroup;
			children = (
				05A2D0F605DE3FC8A5671C1C /* Pods_DeveloperChallenge.framework */,
				6DD0BDBC76F1EE57E8886E10 /* Pods_DeveloperChallengeTests.framework */,
			);
			name = Frameworks;
			sourceTree = "<group>";
		};
		F95989F71EB705D300B17BEF = {
			isa = PBXGroup;
			children = (
				F9598A021EB705D300B17BEF /* DeveloperChallenge */,
				F9598A1A1EB705D400B17BEF /* DeveloperChallengeTests */,
				F9598A011EB705D300B17BEF /* Products */,
				1ACC309DE83677DEBDB3E023 /* Pods */,
				D059343036B73EA2F8ADED87 /* Frameworks */,
			);
			sourceTree = "<group>";
		};
		F9598A011EB705D300B17BEF /* Products */ = {
			isa = PBXGroup;
			children = (
				F9598A001EB705D300B17BEF /* DeveloperChallenge.app */,
				F9598A171EB705D300B17BEF /* DeveloperChallengeTests.xctest */,
			);
			name = Products;
			sourceTree = "<group>";
		};
		F9598A021EB705D300B17BEF /* DeveloperChallenge */ = {
			isa = PBXGroup;
			children = (
				1E7A963D26CCEDBB00F92941 /* AppDelegate */,
				1E7A963C26CCEDAF00F92941 /* CoreData */,
				1E7A964626CCF68400F92941 /* Extensions */,
				1E7A964926CCF6AA00F92941 /* Protocols */,
				1E7A963E26CCEDC800F92941 /* Resources */,
				1E7A963F26CCEE0100F92941 /* Screens */,
				1E7A964026CCEEBA00F92941 /* SupportingFiles */,
			);
			path = DeveloperChallenge;
			sourceTree = "<group>";
		};
		F9598A1A1EB705D400B17BEF /* DeveloperChallengeTests */ = {
			isa = PBXGroup;
			children = (
				F9598A1B1EB705D400B17BEF /* DeveloperChallengeTests.swift */,
				F9598A1D1EB705D400B17BEF /* Info.plist */,
			);
			path = DeveloperChallengeTests;
			sourceTree = "<group>";
		};
/* End PBXGroup section */

/* Begin PBXNativeTarget section */
		F95989FF1EB705D300B17BEF /* DeveloperChallenge */ = {
			isa = PBXNativeTarget;
			buildConfigurationList = F9598A201EB705D400B17BEF /* Build configuration list for PBXNativeTarget "DeveloperChallenge" */;
			buildPhases = (
				303335197103BC808147A88E /* [CP] Check Pods Manifest.lock */,
				1E7A964126CCEF3D00F92941 /* Swiftlint */,
				F95989FC1EB705D300B17BEF /* Sources */,
				F95989FD1EB705D300B17BEF /* Frameworks */,
				F95989FE1EB705D300B17BEF /* Resources */,
				FC810F32B07E693EA6FDA6D5 /* [CP] Embed Pods Frameworks */,
			);
			buildRules = (
			);
			dependencies = (
			);
			name = DeveloperChallenge;
			productName = DeveloperChallenge;
			productReference = F9598A001EB705D300B17BEF /* DeveloperChallenge.app */;
			productType = "com.apple.product-type.application";
		};
		F9598A161EB705D300B17BEF /* DeveloperChallengeTests */ = {
			isa = PBXNativeTarget;
			buildConfigurationList = F9598A231EB705D400B17BEF /* Build configuration list for PBXNativeTarget "DeveloperChallengeTests" */;
			buildPhases = (
				9F66AB4FDEAFD5FDF9D8EB53 /* [CP] Check Pods Manifest.lock */,
				F9598A131EB705D300B17BEF /* Sources */,
				F9598A141EB705D300B17BEF /* Frameworks */,
				F9598A151EB705D300B17BEF /* Resources */,
			);
			buildRules = (
			);
			dependencies = (
				F9598A191EB705D300B17BEF /* PBXTargetDependency */,
			);
			name = DeveloperChallengeTests;
			productName = DeveloperChallengeTests;
			productReference = F9598A171EB705D300B17BEF /* DeveloperChallengeTests.xctest */;
			productType = "com.apple.product-type.bundle.unit-test";
		};
/* End PBXNativeTarget section */

/* Begin PBXProject section */
		F95989F81EB705D300B17BEF /* Project object */ = {
			isa = PBXProject;
			attributes = {
				LastSwiftUpdateCheck = 0830;
				LastUpgradeCheck = 1250;
				ORGANIZATIONNAME = "Qantas Assure";
				TargetAttributes = {
					F95989FF1EB705D300B17BEF = {
						CreatedOnToolsVersion = 8.3.2;
						DevelopmentTeam = P8PSJC4979;
						ProvisioningStyle = Automatic;
					};
					F9598A161EB705D300B17BEF = {
						CreatedOnToolsVersion = 8.3.2;
						ProvisioningStyle = Automatic;
						TestTargetID = F95989FF1EB705D300B17BEF;
					};
				};
			};
			buildConfigurationList = F95989FB1EB705D300B17BEF /* Build configuration list for PBXProject "DeveloperChallenge" */;
			compatibilityVersion = "Xcode 3.2";
			developmentRegion = English;
			hasScannedForEncodings = 0;
			knownRegions = (
				English,
				en,
				Base,
			);
			mainGroup = F95989F71EB705D300B17BEF;
			productRefGroup = F9598A011EB705D300B17BEF /* Products */;
			projectDirPath = "";
			projectRoot = "";
			targets = (
				F95989FF1EB705D300B17BEF /* DeveloperChallenge */,
				F9598A161EB705D300B17BEF /* DeveloperChallengeTests */,
			);
		};
/* End PBXProject section */

/* Begin PBXResourcesBuildPhase section */
		F95989FE1EB705D300B17BEF /* Resources */ = {
			isa = PBXResourcesBuildPhase;
			buildActionMask = 2147483647;
			files = (
				1E7A963A26CCEB8600F92941 /* ArticlesViewController.storyboard in Resources */,
				1E7A965526CCF77F00F92941 /* ArticlesTableViewCell.xib in Resources */,
				F9598A0E1EB705D300B17BEF /* Assets.xcassets in Resources */,
			);
			runOnlyForDeploymentPostprocessing = 0;
		};
		F9598A151EB705D300B17BEF /* Resources */ = {
			isa = PBXResourcesBuildPhase;
			buildActionMask = 2147483647;
			files = (
			);
			runOnlyForDeploymentPostprocessing = 0;
		};
/* End PBXResourcesBuildPhase section */

/* Begin PBXShellScriptBuildPhase section */
		1E7A964126CCEF3D00F92941 /* Swiftlint */ = {
			isa = PBXShellScriptBuildPhase;
			buildActionMask = 2147483647;
			files = (
			);
			inputFileListPaths = (
			);
			inputPaths = (
			);
			name = Swiftlint;
			outputFileListPaths = (
			);
			outputPaths = (
			);
			runOnlyForDeploymentPostprocessing = 0;
			shellPath = /bin/sh;
			shellScript = "if which swiftlint >/dev/null; then\n  swiftlint\nelse\n  echo \"warning: SwiftLint not installed, download from https://github.com/realm/SwiftLint\"\nfi\n";
		};
		303335197103BC808147A88E /* [CP] Check Pods Manifest.lock */ = {
			isa = PBXShellScriptBuildPhase;
			buildActionMask = 2147483647;
			files = (
			);
			inputPaths = (
				"${PODS_PODFILE_DIR_PATH}/Podfile.lock",
				"${PODS_ROOT}/Manifest.lock",
			);
			name = "[CP] Check Pods Manifest.lock";
			outputPaths = (
				"$(DERIVED_FILE_DIR)/Pods-DeveloperChallenge-checkManifestLockResult.txt",
			);
			runOnlyForDeploymentPostprocessing = 0;
			shellPath = /bin/sh;
			shellScript = "diff \"${PODS_PODFILE_DIR_PATH}/Podfile.lock\" \"${PODS_ROOT}/Manifest.lock\" > /dev/null\nif [ $? != 0 ] ; then\n    # print error to STDERR\n    echo \"error: The sandbox is not in sync with the Podfile.lock. Run 'pod install' or update your CocoaPods installation.\" >&2\n    exit 1\nfi\n# This output is used by Xcode 'outputs' to avoid re-running this script phase.\necho \"SUCCESS\" > \"${SCRIPT_OUTPUT_FILE_0}\"\n";
			showEnvVarsInLog = 0;
		};
		9F66AB4FDEAFD5FDF9D8EB53 /* [CP] Check Pods Manifest.lock */ = {
			isa = PBXShellScriptBuildPhase;
			buildActionMask = 2147483647;
			files = (
			);
			inputPaths = (
				"${PODS_PODFILE_DIR_PATH}/Podfile.lock",
				"${PODS_ROOT}/Manifest.lock",
			);
			name = "[CP] Check Pods Manifest.lock";
			outputPaths = (
				"$(DERIVED_FILE_DIR)/Pods-DeveloperChallengeTests-checkManifestLockResult.txt",
			);
			runOnlyForDeploymentPostprocessing = 0;
			shellPath = /bin/sh;
			shellScript = "diff \"${PODS_PODFILE_DIR_PATH}/Podfile.lock\" \"${PODS_ROOT}/Manifest.lock\" > /dev/null\nif [ $? != 0 ] ; then\n    # print error to STDERR\n    echo \"error: The sandbox is not in sync with the Podfile.lock. Run 'pod install' or update your CocoaPods installation.\" >&2\n    exit 1\nfi\n# This output is used by Xcode 'outputs' to avoid re-running this script phase.\necho \"SUCCESS\" > \"${SCRIPT_OUTPUT_FILE_0}\"\n";
			showEnvVarsInLog = 0;
		};
		FC810F32B07E693EA6FDA6D5 /* [CP] Embed Pods Frameworks */ = {
			isa = PBXShellScriptBuildPhase;
			buildActionMask = 2147483647;
			files = (
			);
			inputPaths = (
				"${PODS_ROOT}/Target Support Files/Pods-DeveloperChallenge/Pods-DeveloperChallenge-frameworks.sh",
				"${BUILT_PRODUCTS_DIR}/SSZipArchive/SSZipArchive.framework",
			);
			name = "[CP] Embed Pods Frameworks";
			outputPaths = (
				"${TARGET_BUILD_DIR}/${FRAMEWORKS_FOLDER_PATH}/SSZipArchive.framework",
			);
			runOnlyForDeploymentPostprocessing = 0;
			shellPath = /bin/sh;
			shellScript = "\"${PODS_ROOT}/Target Support Files/Pods-DeveloperChallenge/Pods-DeveloperChallenge-frameworks.sh\"\n";
			showEnvVarsInLog = 0;
		};
/* End PBXShellScriptBuildPhase section */

/* Begin PBXSourcesBuildPhase section */
		F95989FC1EB705D300B17BEF /* Sources */ = {
			isa = PBXSourcesBuildPhase;
			buildActionMask = 2147483647;
			files = (
				1E7A965426CCF77F00F92941 /* ArticlesTableViewCell.swift in Sources */,
				1E7A964B26CCF6B100F92941 /* ClassName.swift in Sources */,
				F9598A061EB705D300B17BEF /* ArticlesViewController.swift in Sources */,
				1E7A964526CCF30A00F92941 /* AppDelegate+CoreData.swift in Sources */,
				1E7A964326CCF14100F92941 /* ArticlesViewModel.swift in Sources */,
				F9598A0C1EB705D300B17BEF /* DeveloperChallenge.xcdatamodeld in Sources */,
				F9598A041EB705D300B17BEF /* AppDelegate.swift in Sources */,
				1E7A964826CCF68E00F92941 /* UITableView+Extension.swift in Sources */,
			);
			runOnlyForDeploymentPostprocessing = 0;
		};
		F9598A131EB705D300B17BEF /* Sources */ = {
			isa = PBXSourcesBuildPhase;
			buildActionMask = 2147483647;
			files = (
				F9598A1C1EB705D400B17BEF /* DeveloperChallengeTests.swift in Sources */,
			);
			runOnlyForDeploymentPostprocessing = 0;
		};
/* End PBXSourcesBuildPhase section */

/* Begin PBXTargetDependency section */
		F9598A191EB705D300B17BEF /* PBXTargetDependency */ = {
			isa = PBXTargetDependency;
			target = F95989FF1EB705D300B17BEF /* DeveloperChallenge */;
			targetProxy = F9598A181EB705D300B17BEF /* PBXContainerItemProxy */;
		};
/* End PBXTargetDependency section */

/* Begin XCBuildConfiguration section */
		F9598A1E1EB705D400B17BEF /* Debug */ = {
			isa = XCBuildConfiguration;
			buildSettings = {
				ALWAYS_SEARCH_USER_PATHS = NO;
				CLANG_ANALYZER_LOCALIZABILITY_NONLOCALIZED = YES;
				CLANG_ANALYZER_NONNULL = YES;
				CLANG_ANALYZER_NUMBER_OBJECT_CONVERSION = YES_AGGRESSIVE;
				CLANG_CXX_LANGUAGE_STANDARD = "gnu++0x";
				CLANG_CXX_LIBRARY = "libc++";
				CLANG_ENABLE_MODULES = YES;
				CLANG_ENABLE_OBJC_ARC = YES;
				CLANG_WARN_BLOCK_CAPTURE_AUTORELEASING = YES;
				CLANG_WARN_BOOL_CONVERSION = YES;
				CLANG_WARN_COMMA = YES;
				CLANG_WARN_CONSTANT_CONVERSION = YES;
				CLANG_WARN_DEPRECATED_OBJC_IMPLEMENTATIONS = YES;
				CLANG_WARN_DIRECT_OBJC_ISA_USAGE = YES_ERROR;
				CLANG_WARN_DOCUMENTATION_COMMENTS = YES;
				CLANG_WARN_EMPTY_BODY = YES;
				CLANG_WARN_ENUM_CONVERSION = YES;
				CLANG_WARN_INFINITE_RECURSION = YES;
				CLANG_WARN_INT_CONVERSION = YES;
				CLANG_WARN_NON_LITERAL_NULL_CONVERSION = YES;
				CLANG_WARN_OBJC_IMPLICIT_RETAIN_SELF = YES;
				CLANG_WARN_OBJC_LITERAL_CONVERSION = YES;
				CLANG_WARN_OBJC_ROOT_CLASS = YES_ERROR;
				CLANG_WARN_QUOTED_INCLUDE_IN_FRAMEWORK_HEADER = YES;
				CLANG_WARN_RANGE_LOOP_ANALYSIS = YES;
				CLANG_WARN_STRICT_PROTOTYPES = YES;
				CLANG_WARN_SUSPICIOUS_MOVE = YES;
				CLANG_WARN_UNREACHABLE_CODE = YES;
				CLANG_WARN__DUPLICATE_METHOD_MATCH = YES;
				"CODE_SIGN_IDENTITY[sdk=iphoneos*]" = "iPhone Developer";
				COPY_PHASE_STRIP = NO;
				DEBUG_INFORMATION_FORMAT = dwarf;
				ENABLE_STRICT_OBJC_MSGSEND = YES;
				ENABLE_TESTABILITY = YES;
				GCC_C_LANGUAGE_STANDARD = gnu99;
				GCC_DYNAMIC_NO_PIC = NO;
				GCC_NO_COMMON_BLOCKS = YES;
				GCC_OPTIMIZATION_LEVEL = 0;
				GCC_PREPROCESSOR_DEFINITIONS = (
					"DEBUG=1",
					"$(inherited)",
				);
				GCC_WARN_64_TO_32_BIT_CONVERSION = YES;
				GCC_WARN_ABOUT_RETURN_TYPE = YES_ERROR;
				GCC_WARN_UNDECLARED_SELECTOR = YES;
				GCC_WARN_UNINITIALIZED_AUTOS = YES_AGGRESSIVE;
				GCC_WARN_UNUSED_FUNCTION = YES;
				GCC_WARN_UNUSED_VARIABLE = YES;
				IPHONEOS_DEPLOYMENT_TARGET = 13.0;
				MTL_ENABLE_DEBUG_INFO = YES;
				ONLY_ACTIVE_ARCH = YES;
				SDKROOT = iphoneos;
				SWIFT_ACTIVE_COMPILATION_CONDITIONS = DEBUG;
				SWIFT_OPTIMIZATION_LEVEL = "-Onone";
				TARGETED_DEVICE_FAMILY = "1,2";
			};
			name = Debug;
		};
		F9598A1F1EB705D400B17BEF /* Release */ = {
			isa = XCBuildConfiguration;
			buildSettings = {
				ALWAYS_SEARCH_USER_PATHS = NO;
				CLANG_ANALYZER_LOCALIZABILITY_NONLOCALIZED = YES;
				CLANG_ANALYZER_NONNULL = YES;
				CLANG_ANALYZER_NUMBER_OBJECT_CONVERSION = YES_AGGRESSIVE;
				CLANG_CXX_LANGUAGE_STANDARD = "gnu++0x";
				CLANG_CXX_LIBRARY = "libc++";
				CLANG_ENABLE_MODULES = YES;
				CLANG_ENABLE_OBJC_ARC = YES;
				CLANG_WARN_BLOCK_CAPTURE_AUTORELEASING = YES;
				CLANG_WARN_BOOL_CONVERSION = YES;
				CLANG_WARN_COMMA = YES;
				CLANG_WARN_CONSTANT_CONVERSION = YES;
				CLANG_WARN_DEPRECATED_OBJC_IMPLEMENTATIONS = YES;
				CLANG_WARN_DIRECT_OBJC_ISA_USAGE = YES_ERROR;
				CLANG_WARN_DOCUMENTATION_COMMENTS = YES;
				CLANG_WARN_EMPTY_BODY = YES;
				CLANG_WARN_ENUM_CONVERSION = YES;
				CLANG_WARN_INFINITE_RECURSION = YES;
				CLANG_WARN_INT_CONVERSION = YES;
				CLANG_WARN_NON_LITERAL_NULL_CONVERSION = YES;
				CLANG_WARN_OBJC_IMPLICIT_RETAIN_SELF = YES;
				CLANG_WARN_OBJC_LITERAL_CONVERSION = YES;
				CLANG_WARN_OBJC_ROOT_CLASS = YES_ERROR;
				CLANG_WARN_QUOTED_INCLUDE_IN_FRAMEWORK_HEADER = YES;
				CLANG_WARN_RANGE_LOOP_ANALYSIS = YES;
				CLANG_WARN_STRICT_PROTOTYPES = YES;
				CLANG_WARN_SUSPICIOUS_MOVE = YES;
				CLANG_WARN_UNREACHABLE_CODE = YES;
				CLANG_WARN__DUPLICATE_METHOD_MATCH = YES;
				"CODE_SIGN_IDENTITY[sdk=iphoneos*]" = "iPhone Developer";
				COPY_PHASE_STRIP = NO;
				DEBUG_INFORMATION_FORMAT = "dwarf-with-dsym";
				ENABLE_NS_ASSERTIONS = NO;
				ENABLE_STRICT_OBJC_MSGSEND = YES;
				GCC_C_LANGUAGE_STANDARD = gnu99;
				GCC_NO_COMMON_BLOCKS = YES;
				GCC_WARN_64_TO_32_BIT_CONVERSION = YES;
				GCC_WARN_ABOUT_RETURN_TYPE = YES_ERROR;
				GCC_WARN_UNDECLARED_SELECTOR = YES;
				GCC_WARN_UNINITIALIZED_AUTOS = YES_AGGRESSIVE;
				GCC_WARN_UNUSED_FUNCTION = YES;
				GCC_WARN_UNUSED_VARIABLE = YES;
				IPHONEOS_DEPLOYMENT_TARGET = 13.0;
				MTL_ENABLE_DEBUG_INFO = NO;
				SDKROOT = iphoneos;
				SWIFT_OPTIMIZATION_LEVEL = "-Owholemodule";
				TARGETED_DEVICE_FAMILY = "1,2";
				VALIDATE_PRODUCT = YES;
			};
			name = Release;
		};
		F9598A211EB705D400B17BEF /* Debug */ = {
			isa = XCBuildConfiguration;
			baseConfigurationReference = EAC86273F7628DD6C39B63D2 /* Pods-DeveloperChallenge.debug.xcconfig */;
			buildSettings = {
				ASSETCATALOG_COMPILER_APPICON_NAME = AppIcon;
				DEVELOPMENT_TEAM = P8PSJC4979;
				INFOPLIST_FILE = DeveloperChallenge/SupportingFiles/Info.plist;
				IPHONEOS_DEPLOYMENT_TARGET = 13.0;
				LD_RUNPATH_SEARCH_PATHS = "$(inherited) @executable_path/Frameworks";
				PRODUCT_BUNDLE_IDENTIFIER = com.tinybeans.DeveloperChallenge;
				PRODUCT_NAME = "$(TARGET_NAME)";
				SWIFT_VERSION = 5.0;
			};
			name = Debug;
		};
		F9598A221EB705D400B17BEF /* Release */ = {
			isa = XCBuildConfiguration;
			baseConfigurationReference = 03EED31F141855B3445F883E /* Pods-DeveloperChallenge.release.xcconfig */;
			buildSettings = {
				ASSETCATALOG_COMPILER_APPICON_NAME = AppIcon;
				DEVELOPMENT_TEAM = P8PSJC4979;
				INFOPLIST_FILE = DeveloperChallenge/SupportingFiles/Info.plist;
				IPHONEOS_DEPLOYMENT_TARGET = 13.0;
				LD_RUNPATH_SEARCH_PATHS = "$(inherited) @executable_path/Frameworks";
				PRODUCT_BUNDLE_IDENTIFIER = com.tinybeans.DeveloperChallenge;
				PRODUCT_NAME = "$(TARGET_NAME)";
				SWIFT_VERSION = 5.0;
			};
			name = Release;
		};
		F9598A241EB705D400B17BEF /* Debug */ = {
			isa = XCBuildConfiguration;
			baseConfigurationReference = 86CF84EA90409E9DCDA4CDA1 /* Pods-DeveloperChallengeTests.debug.xcconfig */;
			buildSettings = {
				ALWAYS_EMBED_SWIFT_STANDARD_LIBRARIES = YES;
				BUNDLE_LOADER = "$(TEST_HOST)";
				INFOPLIST_FILE = DeveloperChallengeTests/Info.plist;
				LD_RUNPATH_SEARCH_PATHS = "$(inherited) @executable_path/Frameworks @loader_path/Frameworks";
				PRODUCT_BUNDLE_IDENTIFIER = com.tinybeans.DeveloperChallengeTests;
				PRODUCT_NAME = "$(TARGET_NAME)";
				SWIFT_VERSION = 5.0;
				TEST_HOST = "$(BUILT_PRODUCTS_DIR)/DeveloperChallenge.app/DeveloperChallenge";
			};
			name = Debug;
		};
		F9598A251EB705D400B17BEF /* Release */ = {
			isa = XCBuildConfiguration;
			baseConfigurationReference = 7BEDDC59098D299253CDCBCC /* Pods-DeveloperChallengeTests.release.xcconfig */;
			buildSettings = {
				ALWAYS_EMBED_SWIFT_STANDARD_LIBRARIES = YES;
				BUNDLE_LOADER = "$(TEST_HOST)";
				INFOPLIST_FILE = DeveloperChallengeTests/Info.plist;
				LD_RUNPATH_SEARCH_PATHS = "$(inherited) @executable_path/Frameworks @loader_path/Frameworks";
				PRODUCT_BUNDLE_IDENTIFIER = com.tinybeans.DeveloperChallengeTests;
				PRODUCT_NAME = "$(TARGET_NAME)";
				SWIFT_VERSION = 5.0;
				TEST_HOST = "$(BUILT_PRODUCTS_DIR)/DeveloperChallenge.app/DeveloperChallenge";
			};
			name = Release;
		};
/* End XCBuildConfiguration section */

/* Begin XCConfigurationList section */
		F95989FB1EB705D300B17BEF /* Build configuration list for PBXProject "DeveloperChallenge" */ = {
			isa = XCConfigurationList;
			buildConfigurations = (
				F9598A1E1EB705D400B17BEF /* Debug */,
				F9598A1F1EB705D400B17BEF /* Release */,
			);
			defaultConfigurationIsVisible = 0;
			defaultConfigurationName = Release;
		};
		F9598A201EB705D400B17BEF /* Build configuration list for PBXNativeTarget "DeveloperChallenge" */ = {
			isa = XCConfigurationList;
			buildConfigurations = (
				F9598A211EB705D400B17BEF /* Debug */,
				F9598A221EB705D400B17BEF /* Release */,
			);
			defaultConfigurationIsVisible = 0;
			defaultConfigurationName = Release;
		};
		F9598A231EB705D400B17BEF /* Build configuration list for PBXNativeTarget "DeveloperChallengeTests" */ = {
			isa = XCConfigurationList;
			buildConfigurations = (
				F9598A241EB705D400B17BEF /* Debug */,
				F9598A251EB705D400B17BEF /* Release */,
			);
			defaultConfigurationIsVisible = 0;
			defaultConfigurationName = Release;
		};
/* End XCConfigurationList section */

/* Begin XCVersionGroup section */
		F9598A0A1EB705D300B17BEF /* DeveloperChallenge.xcdatamodeld */ = {
			isa = XCVersionGroup;
			children = (
				F9598A0B1EB705D300B17BEF /* DeveloperChallenge.xcdatamodel */,
			);
			currentVersion = F9598A0B1EB705D300B17BEF /* DeveloperChallenge.xcdatamodel */;
			path = DeveloperChallenge.xcdatamodeld;
			sourceTree = "<group>";
			versionGroupType = wrapper.xcdatamodel;
		};
/* End XCVersionGroup section */
	};
	rootObject = F95989F81EB705D300B17BEF /* Project object */;
}
